PODS:
  - Rocket (1.0.0):
    - SnapKit (~> 4.0.0)
  - SnapKit (4.0.0)

DEPENDENCIES:
  - Rocket (from `../`)

EXTERNAL SOURCES:
  Rocket:
    :path: "../"

SPEC CHECKSUMS:
  Rocket: b797d41bca27df5a874c50db6078a1fae02a12ce
  SnapKit: a42d492c16e80209130a3379f73596c3454b7694

PODFILE CHECKSUM: fc6af874edd1e39ba684058186c159c7f049fb35

COCOAPODS: 1.2.1
